// !$*UTF8*$!
{
	archiveVersion = 1;
	classes = {
	};
	objectVersion = 51;
	objects = {

/* Begin PBXBuildFile section */
		462CBFFE4933AC847BF13110 /* Pods_GitHubTrendsTests.framework in Frameworks */ = {isa = PBXBuildFile; fileRef = 6525106A95F74F99C0446556 /* Pods_GitHubTrendsTests.framework */; };
		937A6E5C24E2A05C00D879AB /* AppDelegate.swift in Sources */ = {isa = PBXBuildFile; fileRef = 937A6E5B24E2A05C00D879AB /* AppDelegate.swift */; };
		937A6E5E24E2A05C00D879AB /* SceneDelegate.swift in Sources */ = {isa = PBXBuildFile; fileRef = 937A6E5D24E2A05C00D879AB /* SceneDelegate.swift */; };
		937A6E6024E2A05C00D879AB /* RepositoriesViewController.swift in Sources */ = {isa = PBXBuildFile; fileRef = 937A6E5F24E2A05C00D879AB /* RepositoriesViewController.swift */; };
		937A6E6324E2A05C00D879AB /* Main.storyboard in Resources */ = {isa = PBXBuildFile; fileRef = 937A6E6124E2A05C00D879AB /* Main.storyboard */; };
		937A6E6524E2A05F00D879AB /* Assets.xcassets in Resources */ = {isa = PBXBuildFile; fileRef = 937A6E6424E2A05F00D879AB /* Assets.xcassets */; };
		937A6E6824E2A05F00D879AB /* LaunchScreen.storyboard in Resources */ = {isa = PBXBuildFile; fileRef = 937A6E6624E2A05F00D879AB /* LaunchScreen.storyboard */; };
		937A6E7324E2A06000D879AB /* GitHubTrendsTests.swift in Sources */ = {isa = PBXBuildFile; fileRef = 937A6E7224E2A06000D879AB /* GitHubTrendsTests.swift */; };
		937A6E7E24E2CA8100D879AB /* RepositoriesViewModel.swift in Sources */ = {isa = PBXBuildFile; fileRef = 937A6E7D24E2CA8100D879AB /* RepositoriesViewModel.swift */; };
		937A707B24E2E23800D879AB /* RepositoriesViewControllerTests.swift in Sources */ = {isa = PBXBuildFile; fileRef = 937A707A24E2E23800D879AB /* RepositoriesViewControllerTests.swift */; };
		937A707F24E2F4FA00D879AB /* UIColorExtension.swift in Sources */ = {isa = PBXBuildFile; fileRef = 937A707E24E2F4FA00D879AB /* UIColorExtension.swift */; };
		937A708324E2FBDB00D879AB /* UIStoryboardExtension.swift in Sources */ = {isa = PBXBuildFile; fileRef = 937A708224E2FBDB00D879AB /* UIStoryboardExtension.swift */; };
		937A708824E2FF8500D879AB /* RepositoryCell.swift in Sources */ = {isa = PBXBuildFile; fileRef = 937A708624E2FF8500D879AB /* RepositoryCell.swift */; };
		937A708924E2FF8500D879AB /* RepositoryCell.xib in Resources */ = {isa = PBXBuildFile; fileRef = 937A708724E2FF8500D879AB /* RepositoryCell.xib */; };
		937A708C24E305AB00D879AB /* RepositoriesViewModelTests.swift in Sources */ = {isa = PBXBuildFile; fileRef = 937A708B24E305AB00D879AB /* RepositoriesViewModelTests.swift */; };
		D5A569FEE532EB4934F8150B /* Pods_GitHubTrends.framework in Frameworks */ = {isa = PBXBuildFile; fileRef = 5935C3C23BD820DEAD013397 /* Pods_GitHubTrends.framework */; };
/* End PBXBuildFile section */

/* Begin PBXContainerItemProxy section */
		937A6E6F24E2A05F00D879AB /* PBXContainerItemProxy */ = {
			isa = PBXContainerItemProxy;
			containerPortal = 937A6E5024E2A05C00D879AB /* Project object */;
			proxyType = 1;
			remoteGlobalIDString = 937A6E5724E2A05C00D879AB;
			remoteInfo = GitHubTrends;
		};
/* End PBXContainerItemProxy section */

/* Begin PBXFileReference section */
		2A05F3755ABDB76EDCD14F40 /* Pods-GitHubTrendsTests.release.xcconfig */ = {isa = PBXFileReference; includeInIndex = 1; lastKnownFileType = text.xcconfig; name = "Pods-GitHubTrendsTests.release.xcconfig"; path = "Target Support Files/Pods-GitHubTrendsTests/Pods-GitHubTrendsTests.release.xcconfig"; sourceTree = "<group>"; };
		56C005945481D0F1103E8458 /* Pods-GitHubTrendsTests.debug.xcconfig */ = {isa = PBXFileReference; includeInIndex = 1; lastKnownFileType = text.xcconfig; name = "Pods-GitHubTrendsTests.debug.xcconfig"; path = "Target Support Files/Pods-GitHubTrendsTests/Pods-GitHubTrendsTests.debug.xcconfig"; sourceTree = "<group>"; };
		5935C3C23BD820DEAD013397 /* Pods_GitHubTrends.framework */ = {isa = PBXFileReference; explicitFileType = wrapper.framework; includeInIndex = 0; path = Pods_GitHubTrends.framework; sourceTree = BUILT_PRODUCTS_DIR; };
		6525106A95F74F99C0446556 /* Pods_GitHubTrendsTests.framework */ = {isa = PBXFileReference; explicitFileType = wrapper.framework; includeInIndex = 0; path = Pods_GitHubTrendsTests.framework; sourceTree = BUILT_PRODUCTS_DIR; };
		70345C815B8DB7D59111E8D2 /* Pods-GitHubTrends.debug.xcconfig */ = {isa = PBXFileReference; includeInIndex = 1; lastKnownFileType = text.xcconfig; name = "Pods-GitHubTrends.debug.xcconfig"; path = "Target Support Files/Pods-GitHubTrends/Pods-GitHubTrends.debug.xcconfig"; sourceTree = "<group>"; };
		937A6E5824E2A05C00D879AB /* GitHubTrends.app */ = {isa = PBXFileReference; explicitFileType = wrapper.application; includeInIndex = 0; path = GitHubTrends.app; sourceTree = BUILT_PRODUCTS_DIR; };
		937A6E5B24E2A05C00D879AB /* AppDelegate.swift */ = {isa = PBXFileReference; lastKnownFileType = sourcecode.swift; path = AppDelegate.swift; sourceTree = "<group>"; };
		937A6E5D24E2A05C00D879AB /* SceneDelegate.swift */ = {isa = PBXFileReference; lastKnownFileType = sourcecode.swift; path = SceneDelegate.swift; sourceTree = "<group>"; };
		937A6E5F24E2A05C00D879AB /* RepositoriesViewController.swift */ = {isa = PBXFileReference; lastKnownFileType = sourcecode.swift; path = RepositoriesViewController.swift; sourceTree = "<group>"; };
		937A6E6224E2A05C00D879AB /* Base */ = {isa = PBXFileReference; lastKnownFileType = file.storyboard; name = Base; path = Base.lproj/Main.storyboard; sourceTree = "<group>"; };
		937A6E6424E2A05F00D879AB /* Assets.xcassets */ = {isa = PBXFileReference; lastKnownFileType = folder.assetcatalog; path = Assets.xcassets; sourceTree = "<group>"; };
		937A6E6724E2A05F00D879AB /* Base */ = {isa = PBXFileReference; lastKnownFileType = file.storyboard; name = Base; path = Base.lproj/LaunchScreen.storyboard; sourceTree = "<group>"; };
		937A6E6924E2A05F00D879AB /* Info.plist */ = {isa = PBXFileReference; lastKnownFileType = text.plist.xml; path = Info.plist; sourceTree = "<group>"; };
		937A6E6E24E2A05F00D879AB /* GitHubTrendsTests.xctest */ = {isa = PBXFileReference; explicitFileType = wrapper.cfbundle; includeInIndex = 0; path = GitHubTrendsTests.xctest; sourceTree = BUILT_PRODUCTS_DIR; };
		937A6E7224E2A06000D879AB /* GitHubTrendsTests.swift */ = {isa = PBXFileReference; lastKnownFileType = sourcecode.swift; path = GitHubTrendsTests.swift; sourceTree = "<group>"; };
		937A6E7424E2A06000D879AB /* Info.plist */ = {isa = PBXFileReference; lastKnownFileType = text.plist.xml; path = Info.plist; sourceTree = "<group>"; };
		937A6E7D24E2CA8100D879AB /* RepositoriesViewModel.swift */ = {isa = PBXFileReference; lastKnownFileType = sourcecode.swift; path = RepositoriesViewModel.swift; sourceTree = "<group>"; };
		937A707A24E2E23800D879AB /* RepositoriesViewControllerTests.swift */ = {isa = PBXFileReference; lastKnownFileType = sourcecode.swift; path = RepositoriesViewControllerTests.swift; sourceTree = "<group>"; };
		937A707E24E2F4FA00D879AB /* UIColorExtension.swift */ = {isa = PBXFileReference; lastKnownFileType = sourcecode.swift; path = UIColorExtension.swift; sourceTree = "<group>"; };
		937A708224E2FBDB00D879AB /* UIStoryboardExtension.swift */ = {isa = PBXFileReference; lastKnownFileType = sourcecode.swift; path = UIStoryboardExtension.swift; sourceTree = "<group>"; };
		937A708624E2FF8500D879AB /* RepositoryCell.swift */ = {isa = PBXFileReference; lastKnownFileType = sourcecode.swift; path = RepositoryCell.swift; sourceTree = "<group>"; };
		937A708724E2FF8500D879AB /* RepositoryCell.xib */ = {isa = PBXFileReference; lastKnownFileType = file.xib; path = RepositoryCell.xib; sourceTree = "<group>"; };
		937A708B24E305AB00D879AB /* RepositoriesViewModelTests.swift */ = {isa = PBXFileReference; lastKnownFileType = sourcecode.swift; path = RepositoriesViewModelTests.swift; sourceTree = "<group>"; };
		952AA3777C61B4EB73CCA93D /* Pods-GitHubTrends.release.xcconfig */ = {isa = PBXFileReference; includeInIndex = 1; lastKnownFileType = text.xcconfig; name = "Pods-GitHubTrends.release.xcconfig"; path = "Target Support Files/Pods-GitHubTrends/Pods-GitHubTrends.release.xcconfig"; sourceTree = "<group>"; };
/* End PBXFileReference section */

/* Begin PBXFrameworksBuildPhase section */
		937A6E5524E2A05C00D879AB /* Frameworks */ = {
			isa = PBXFrameworksBuildPhase;
			buildActionMask = 2147483647;
			files = (
				D5A569FEE532EB4934F8150B /* Pods_GitHubTrends.framework in Frameworks */,
			);
			runOnlyForDeploymentPostprocessing = 0;
		};
		937A6E6B24E2A05F00D879AB /* Frameworks */ = {
			isa = PBXFrameworksBuildPhase;
			buildActionMask = 2147483647;
			files = (
				462CBFFE4933AC847BF13110 /* Pods_GitHubTrendsTests.framework in Frameworks */,
			);
			runOnlyForDeploymentPostprocessing = 0;
		};
/* End PBXFrameworksBuildPhase section */

/* Begin PBXGroup section */
		2483C45320E2C9A2F83FCB37 /* Frameworks */ = {
			isa = PBXGroup;
			children = (
				5935C3C23BD820DEAD013397 /* Pods_GitHubTrends.framework */,
				6525106A95F74F99C0446556 /* Pods_GitHubTrendsTests.framework */,
			);
			name = Frameworks;
			sourceTree = "<group>";
		};
		937A6E4F24E2A05C00D879AB = {
			isa = PBXGroup;
			children = (
				937A6E5A24E2A05C00D879AB /* GitHubTrends */,
				937A6E7124E2A05F00D879AB /* GitHubTrendsTests */,
				937A6E5924E2A05C00D879AB /* Products */,
				BCEDE107E6FD32D8E3FD5185 /* Pods */,
				2483C45320E2C9A2F83FCB37 /* Frameworks */,
			);
			sourceTree = "<group>";
		};
		937A6E5924E2A05C00D879AB /* Products */ = {
			isa = PBXGroup;
			children = (
				937A6E5824E2A05C00D879AB /* GitHubTrends.app */,
				937A6E6E24E2A05F00D879AB /* GitHubTrendsTests.xctest */,
			);
			name = Products;
			sourceTree = "<group>";
		};
		937A6E5A24E2A05C00D879AB /* GitHubTrends */ = {
			isa = PBXGroup;
			children = (
				937A708424E2FF2600D879AB /* AppDelegate */,
				937A707D24E2F4DF00D879AB /* UIExtensions */,
				937A707C24E2E3B900D879AB /* Repositories */,
				937A708524E2FF4300D879AB /* Views */,
				937A6E6424E2A05F00D879AB /* Assets.xcassets */,
				937A6E6924E2A05F00D879AB /* Info.plist */,
			);
			path = GitHubTrends;
			sourceTree = "<group>";
		};
		937A6E7124E2A05F00D879AB /* GitHubTrendsTests */ = {
			isa = PBXGroup;
			children = (
				937A707824E2E16700D879AB /* AcceptanceTests */,
				937A707924E2E17400D879AB /* UnitTests */,
				937A6E7424E2A06000D879AB /* Info.plist */,
			);
			path = GitHubTrendsTests;
			sourceTree = "<group>";
		};
		937A707824E2E16700D879AB /* AcceptanceTests */ = {
			isa = PBXGroup;
			children = (
				937A6E7224E2A06000D879AB /* GitHubTrendsTests.swift */,
			);
			path = AcceptanceTests;
			sourceTree = "<group>";
		};
		937A707924E2E17400D879AB /* UnitTests */ = {
			isa = PBXGroup;
			children = (
				937A707A24E2E23800D879AB /* RepositoriesViewControllerTests.swift */,
				937A708B24E305AB00D879AB /* RepositoriesViewModelTests.swift */,
			);
			path = UnitTests;
			sourceTree = "<group>";
		};
		937A707C24E2E3B900D879AB /* Repositories */ = {
			isa = PBXGroup;
			children = (
				937A6E5F24E2A05C00D879AB /* RepositoriesViewController.swift */,
				937A6E7D24E2CA8100D879AB /* RepositoriesViewModel.swift */,
			);
			path = Repositories;
			sourceTree = "<group>";
		};
		937A707D24E2F4DF00D879AB /* UIExtensions */ = {
			isa = PBXGroup;
			children = (
				937A707E24E2F4FA00D879AB /* UIColorExtension.swift */,
				937A708224E2FBDB00D879AB /* UIStoryboardExtension.swift */,
			);
			path = UIExtensions;
			sourceTree = "<group>";
		};
		937A708424E2FF2600D879AB /* AppDelegate */ = {
			isa = PBXGroup;
			children = (
				937A6E5B24E2A05C00D879AB /* AppDelegate.swift */,
				937A6E5D24E2A05C00D879AB /* SceneDelegate.swift */,
			);
			path = AppDelegate;
			sourceTree = "<group>";
		};
		937A708524E2FF4300D879AB /* Views */ = {
			isa = PBXGroup;
			children = (
				937A6E6124E2A05C00D879AB /* Main.storyboard */,
				937A6E6624E2A05F00D879AB /* LaunchScreen.storyboard */,
				937A708A24E2FF9000D879AB /* Cells */,
			);
			path = Views;
			sourceTree = "<group>";
		};
		937A708A24E2FF9000D879AB /* Cells */ = {
			isa = PBXGroup;
			children = (
				937A708624E2FF8500D879AB /* RepositoryCell.swift */,
				937A708724E2FF8500D879AB /* RepositoryCell.xib */,
			);
			path = Cells;
			sourceTree = "<group>";
		};
		BCEDE107E6FD32D8E3FD5185 /* Pods */ = {
			isa = PBXGroup;
			children = (
				70345C815B8DB7D59111E8D2 /* Pods-GitHubTrends.debug.xcconfig */,
				952AA3777C61B4EB73CCA93D /* Pods-GitHubTrends.release.xcconfig */,
				56C005945481D0F1103E8458 /* Pods-GitHubTrendsTests.debug.xcconfig */,
				2A05F3755ABDB76EDCD14F40 /* Pods-GitHubTrendsTests.release.xcconfig */,
			);
			path = Pods;
			sourceTree = "<group>";
		};
/* End PBXGroup section */

/* Begin PBXNativeTarget section */
		937A6E5724E2A05C00D879AB /* GitHubTrends */ = {
			isa = PBXNativeTarget;
			buildConfigurationList = 937A6E7724E2A06000D879AB /* Build configuration list for PBXNativeTarget "GitHubTrends" */;
			buildPhases = (
				70F366A1298D23793CCCC912 /* [CP] Check Pods Manifest.lock */,
				937A6E5424E2A05C00D879AB /* Sources */,
				937A6E5524E2A05C00D879AB /* Frameworks */,
				937A6E5624E2A05C00D879AB /* Resources */,
				4F2CADCCD46E61AA33BDB1BA /* [CP] Embed Pods Frameworks */,
			);
			buildRules = (
			);
			dependencies = (
			);
			name = GitHubTrends;
			productName = GitHubTrends;
			productReference = 937A6E5824E2A05C00D879AB /* GitHubTrends.app */;
			productType = "com.apple.product-type.application";
		};
		937A6E6D24E2A05F00D879AB /* GitHubTrendsTests */ = {
			isa = PBXNativeTarget;
			buildConfigurationList = 937A6E7A24E2A06000D879AB /* Build configuration list for PBXNativeTarget "GitHubTrendsTests" */;
			buildPhases = (
				9838E9B54F9F4444094DC7CB /* [CP] Check Pods Manifest.lock */,
				937A6E6A24E2A05F00D879AB /* Sources */,
				937A6E6B24E2A05F00D879AB /* Frameworks */,
				937A6E6C24E2A05F00D879AB /* Resources */,
				486E71798666A26C2EF06EA6 /* [CP] Embed Pods Frameworks */,
			);
			buildRules = (
			);
			dependencies = (
				937A6E7024E2A05F00D879AB /* PBXTargetDependency */,
			);
			name = GitHubTrendsTests;
			productName = GitHubTrendsTests;
			productReference = 937A6E6E24E2A05F00D879AB /* GitHubTrendsTests.xctest */;
			productType = "com.apple.product-type.bundle.unit-test";
		};
/* End PBXNativeTarget section */

/* Begin PBXProject section */
		937A6E5024E2A05C00D879AB /* Project object */ = {
			isa = PBXProject;
			attributes = {
				LastSwiftUpdateCheck = 1160;
				LastUpgradeCheck = 1160;
				ORGANIZATIONNAME = ananogal;
				TargetAttributes = {
					937A6E5724E2A05C00D879AB = {
						CreatedOnToolsVersion = 11.6;
					};
					937A6E6D24E2A05F00D879AB = {
						CreatedOnToolsVersion = 11.6;
						TestTargetID = 937A6E5724E2A05C00D879AB;
					};
				};
			};
			buildConfigurationList = 937A6E5324E2A05C00D879AB /* Build configuration list for PBXProject "GitHubTrends" */;
			compatibilityVersion = "Xcode 9.3";
			developmentRegion = en;
			hasScannedForEncodings = 0;
			knownRegions = (
				en,
				Base,
			);
			mainGroup = 937A6E4F24E2A05C00D879AB;
			productRefGroup = 937A6E5924E2A05C00D879AB /* Products */;
			projectDirPath = "";
			projectRoot = "";
			targets = (
				937A6E5724E2A05C00D879AB /* GitHubTrends */,
				937A6E6D24E2A05F00D879AB /* GitHubTrendsTests */,
			);
		};
/* End PBXProject section */

/* Begin PBXResourcesBuildPhase section */
		937A6E5624E2A05C00D879AB /* Resources */ = {
			isa = PBXResourcesBuildPhase;
			buildActionMask = 2147483647;
			files = (
				937A6E6824E2A05F00D879AB /* LaunchScreen.storyboard in Resources */,
				937A6E6524E2A05F00D879AB /* Assets.xcassets in Resources */,
				937A6E6324E2A05C00D879AB /* Main.storyboard in Resources */,
				937A708924E2FF8500D879AB /* RepositoryCell.xib in Resources */,
			);
			runOnlyForDeploymentPostprocessing = 0;
		};
		937A6E6C24E2A05F00D879AB /* Resources */ = {
			isa = PBXResourcesBuildPhase;
			buildActionMask = 2147483647;
			files = (
			);
			runOnlyForDeploymentPostprocessing = 0;
		};
/* End PBXResourcesBuildPhase section */

/* Begin PBXShellScriptBuildPhase section */
		486E71798666A26C2EF06EA6 /* [CP] Embed Pods Frameworks */ = {
			isa = PBXShellScriptBuildPhase;
			buildActionMask = 2147483647;
			files = (
			);
			inputFileListPaths = (
				"${PODS_ROOT}/Target Support Files/Pods-GitHubTrendsTests/Pods-GitHubTrendsTests-frameworks-${CONFIGURATION}-input-files.xcfilelist",
			);
			name = "[CP] Embed Pods Frameworks";
			outputFileListPaths = (
				"${PODS_ROOT}/Target Support Files/Pods-GitHubTrendsTests/Pods-GitHubTrendsTests-frameworks-${CONFIGURATION}-output-files.xcfilelist",
			);
			runOnlyForDeploymentPostprocessing = 0;
			shellPath = /bin/sh;
			shellScript = "\"${PODS_ROOT}/Target Support Files/Pods-GitHubTrendsTests/Pods-GitHubTrendsTests-frameworks.sh\"\n";
			showEnvVarsInLog = 0;
		};
		4F2CADCCD46E61AA33BDB1BA /* [CP] Embed Pods Frameworks */ = {
			isa = PBXShellScriptBuildPhase;
			buildActionMask = 2147483647;
			files = (
			);
			inputFileListPaths = (
				"${PODS_ROOT}/Target Support Files/Pods-GitHubTrends/Pods-GitHubTrends-frameworks-${CONFIGURATION}-input-files.xcfilelist",
			);
			name = "[CP] Embed Pods Frameworks";
			outputFileListPaths = (
				"${PODS_ROOT}/Target Support Files/Pods-GitHubTrends/Pods-GitHubTrends-frameworks-${CONFIGURATION}-output-files.xcfilelist",
			);
			runOnlyForDeploymentPostprocessing = 0;
			shellPath = /bin/sh;
			shellScript = "\"${PODS_ROOT}/Target Support Files/Pods-GitHubTrends/Pods-GitHubTrends-frameworks.sh\"\n";
			showEnvVarsInLog = 0;
		};
		70F366A1298D23793CCCC912 /* [CP] Check Pods Manifest.lock */ = {
			isa = PBXShellScriptBuildPhase;
			buildActionMask = 2147483647;
			files = (
			);
			inputFileListPaths = (
			);
			inputPaths = (
				"${PODS_PODFILE_DIR_PATH}/Podfile.lock",
				"${PODS_ROOT}/Manifest.lock",
			);
			name = "[CP] Check Pods Manifest.lock";
			outputFileListPaths = (
			);
			outputPaths = (
				"$(DERIVED_FILE_DIR)/Pods-GitHubTrends-checkManifestLockResult.txt",
			);
			runOnlyForDeploymentPostprocessing = 0;
			shellPath = /bin/sh;
			shellScript = "diff \"${PODS_PODFILE_DIR_PATH}/Podfile.lock\" \"${PODS_ROOT}/Manifest.lock\" > /dev/null\nif [ $? != 0 ] ; then\n    # print error to STDERR\n    echo \"error: The sandbox is not in sync with the Podfile.lock. Run 'pod install' or update your CocoaPods installation.\" >&2\n    exit 1\nfi\n# This output is used by Xcode 'outputs' to avoid re-running this script phase.\necho \"SUCCESS\" > \"${SCRIPT_OUTPUT_FILE_0}\"\n";
			showEnvVarsInLog = 0;
		};
		9838E9B54F9F4444094DC7CB /* [CP] Check Pods Manifest.lock */ = {
			isa = PBXShellScriptBuildPhase;
			buildActionMask = 2147483647;
			files = (
			);
			inputFileListPaths = (
			);
			inputPaths = (
				"${PODS_PODFILE_DIR_PATH}/Podfile.lock",
				"${PODS_ROOT}/Manifest.lock",
			);
			name = "[CP] Check Pods Manifest.lock";
			outputFileListPaths = (
			);
			outputPaths = (
				"$(DERIVED_FILE_DIR)/Pods-GitHubTrendsTests-checkManifestLockResult.txt",
			);
			runOnlyForDeploymentPostprocessing = 0;
			shellPath = /bin/sh;
			shellScript = "diff \"${PODS_PODFILE_DIR_PATH}/Podfile.lock\" \"${PODS_ROOT}/Manifest.lock\" > /dev/null\nif [ $? != 0 ] ; then\n    # print error to STDERR\n    echo \"error: The sandbox is not in sync with the Podfile.lock. Run 'pod install' or update your CocoaPods installation.\" >&2\n    exit 1\nfi\n# This output is used by Xcode 'outputs' to avoid re-running this script phase.\necho \"SUCCESS\" > \"${SCRIPT_OUTPUT_FILE_0}\"\n";
			showEnvVarsInLog = 0;
		};
/* End PBXShellScriptBuildPhase section */

/* Begin PBXSourcesBuildPhase section */
		937A6E5424E2A05C00D879AB /* Sources */ = {
			isa = PBXSourcesBuildPhase;
			buildActionMask = 2147483647;
			files = (
				937A6E7E24E2CA8100D879AB /* RepositoriesViewModel.swift in Sources */,
				937A708824E2FF8500D879AB /* RepositoryCell.swift in Sources */,
				937A6E6024E2A05C00D879AB /* RepositoriesViewController.swift in Sources */,
				937A707F24E2F4FA00D879AB /* UIColorExtension.swift in Sources */,
				937A6E5C24E2A05C00D879AB /* AppDelegate.swift in Sources */,
				937A708324E2FBDB00D879AB /* UIStoryboardExtension.swift in Sources */,
				937A6E5E24E2A05C00D879AB /* SceneDelegate.swift in Sources */,
			);
			runOnlyForDeploymentPostprocessing = 0;
		};
		937A6E6A24E2A05F00D879AB /* Sources */ = {
			isa = PBXSourcesBuildPhase;
			buildActionMask = 2147483647;
			files = (
				937A708C24E305AB00D879AB /* RepositoriesViewModelTests.swift in Sources */,
				937A707B24E2E23800D879AB /* RepositoriesViewControllerTests.swift in Sources */,
				937A6E7324E2A06000D879AB /* GitHubTrendsTests.swift in Sources */,
			);
			runOnlyForDeploymentPostprocessing = 0;
		};
/* End PBXSourcesBuildPhase section */

/* Begin PBXTargetDependency section */
		937A6E7024E2A05F00D879AB /* PBXTargetDependency */ = {
			isa = PBXTargetDependency;
			target = 937A6E5724E2A05C00D879AB /* GitHubTrends */;
			targetProxy = 937A6E6F24E2A05F00D879AB /* PBXContainerItemProxy */;
		};
/* End PBXTargetDependency section */

/* Begin PBXVariantGroup section */
		937A6E6124E2A05C00D879AB /* Main.storyboard */ = {
			isa = PBXVariantGroup;
			children = (
				937A6E6224E2A05C00D879AB /* Base */,
			);
			name = Main.storyboard;
			sourceTree = "<group>";
		};
		937A6E6624E2A05F00D879AB /* LaunchScreen.storyboard */ = {
			isa = PBXVariantGroup;
			children = (
				937A6E6724E2A05F00D879AB /* Base */,
			);
			name = LaunchScreen.storyboard;
			sourceTree = "<group>";
		};
/* End PBXVariantGroup section */

/* Begin XCBuildConfiguration section */
		937A6E7524E2A06000D879AB /* Debug */ = {
			isa = XCBuildConfiguration;
			buildSettings = {
				ALWAYS_SEARCH_USER_PATHS = NO;
				CLANG_ANALYZER_NONNULL = YES;
				CLANG_ANALYZER_NUMBER_OBJECT_CONVERSION = YES_AGGRESSIVE;
				CLANG_CXX_LANGUAGE_STANDARD = "gnu++14";
				CLANG_CXX_LIBRARY = "libc++";
				CLANG_ENABLE_MODULES = YES;
				CLANG_ENABLE_OBJC_ARC = YES;
				CLANG_ENABLE_OBJC_WEAK = YES;
				CLANG_WARN_BLOCK_CAPTURE_AUTORELEASING = YES;
				CLANG_WARN_BOOL_CONVERSION = YES;
				CLANG_WARN_COMMA = YES;
				CLANG_WARN_CONSTANT_CONVERSION = YES;
				CLANG_WARN_DEPRECATED_OBJC_IMPLEMENTATIONS = YES;
				CLANG_WARN_DIRECT_OBJC_ISA_USAGE = YES_ERROR;
				CLANG_WARN_DOCUMENTATION_COMMENTS = YES;
				CLANG_WARN_EMPTY_BODY = YES;
				CLANG_WARN_ENUM_CONVERSION = YES;
				CLANG_WARN_INFINITE_RECURSION = YES;
				CLANG_WARN_INT_CONVERSION = YES;
				CLANG_WARN_NON_LITERAL_NULL_CONVERSION = YES;
				CLANG_WARN_OBJC_IMPLICIT_RETAIN_SELF = YES;
				CLANG_WARN_OBJC_LITERAL_CONVERSION = YES;
				CLANG_WARN_OBJC_ROOT_CLASS = YES_ERROR;
				CLANG_WARN_RANGE_LOOP_ANALYSIS = YES;
				CLANG_WARN_STRICT_PROTOTYPES = YES;
				CLANG_WARN_SUSPICIOUS_MOVE = YES;
				CLANG_WARN_UNGUARDED_AVAILABILITY = YES_AGGRESSIVE;
				CLANG_WARN_UNREACHABLE_CODE = YES;
				CLANG_WARN__DUPLICATE_METHOD_MATCH = YES;
				COPY_PHASE_STRIP = NO;
				DEBUG_INFORMATION_FORMAT = dwarf;
				ENABLE_STRICT_OBJC_MSGSEND = YES;
				ENABLE_TESTABILITY = YES;
				GCC_C_LANGUAGE_STANDARD = gnu11;
				GCC_DYNAMIC_NO_PIC = NO;
				GCC_NO_COMMON_BLOCKS = YES;
				GCC_OPTIMIZATION_LEVEL = 0;
				GCC_PREPROCESSOR_DEFINITIONS = (
					"DEBUG=1",
					"$(inherited)",
				);
				GCC_WARN_64_TO_32_BIT_CONVERSION = YES;
				GCC_WARN_ABOUT_RETURN_TYPE = YES_ERROR;
				GCC_WARN_UNDECLARED_SELECTOR = YES;
				GCC_WARN_UNINITIALIZED_AUTOS = YES_AGGRESSIVE;
				GCC_WARN_UNUSED_FUNCTION = YES;
				GCC_WARN_UNUSED_VARIABLE = YES;
				IPHONEOS_DEPLOYMENT_TARGET = 13.6;
				MTL_ENABLE_DEBUG_INFO = INCLUDE_SOURCE;
				MTL_FAST_MATH = YES;
				ONLY_ACTIVE_ARCH = YES;
				SDKROOT = iphoneos;
				SWIFT_ACTIVE_COMPILATION_CONDITIONS = DEBUG;
				SWIFT_OPTIMIZATION_LEVEL = "-Onone";
			};
			name = Debug;
		};
		937A6E7624E2A06000D879AB /* Release */ = {
			isa = XCBuildConfiguration;
			buildSettings = {
				ALWAYS_SEARCH_USER_PATHS = NO;
				CLANG_ANALYZER_NONNULL = YES;
				CLANG_ANALYZER_NUMBER_OBJECT_CONVERSION = YES_AGGRESSIVE;
				CLANG_CXX_LANGUAGE_STANDARD = "gnu++14";
				CLANG_CXX_LIBRARY = "libc++";
				CLANG_ENABLE_MODULES = YES;
				CLANG_ENABLE_OBJC_ARC = YES;
				CLANG_ENABLE_OBJC_WEAK = YES;
				CLANG_WARN_BLOCK_CAPTURE_AUTORELEASING = YES;
				CLANG_WARN_BOOL_CONVERSION = YES;
				CLANG_WARN_COMMA = YES;
				CLANG_WARN_CONSTANT_CONVERSION = YES;
				CLANG_WARN_DEPRECATED_OBJC_IMPLEMENTATIONS = YES;
				CLANG_WARN_DIRECT_OBJC_ISA_USAGE = YES_ERROR;
				CLANG_WARN_DOCUMENTATION_COMMENTS = YES;
				CLANG_WARN_EMPTY_BODY = YES;
				CLANG_WARN_ENUM_CONVERSION = YES;
				CLANG_WARN_INFINITE_RECURSION = YES;
				CLANG_WARN_INT_CONVERSION = YES;
				CLANG_WARN_NON_LITERAL_NULL_CONVERSION = YES;
				CLANG_WARN_OBJC_IMPLICIT_RETAIN_SELF = YES;
				CLANG_WARN_OBJC_LITERAL_CONVERSION = YES;
				CLANG_WARN_OBJC_ROOT_CLASS = YES_ERROR;
				CLANG_WARN_RANGE_LOOP_ANALYSIS = YES;
				CLANG_WARN_STRICT_PROTOTYPES = YES;
				CLANG_WARN_SUSPICIOUS_MOVE = YES;
				CLANG_WARN_UNGUARDED_AVAILABILITY = YES_AGGRESSIVE;
				CLANG_WARN_UNREACHABLE_CODE = YES;
				CLANG_WARN__DUPLICATE_METHOD_MATCH = YES;
				COPY_PHASE_STRIP = NO;
				DEBUG_INFORMATION_FORMAT = "dwarf-with-dsym";
				ENABLE_NS_ASSERTIONS = NO;
				ENABLE_STRICT_OBJC_MSGSEND = YES;
				GCC_C_LANGUAGE_STANDARD = gnu11;
				GCC_NO_COMMON_BLOCKS = YES;
				GCC_WARN_64_TO_32_BIT_CONVERSION = YES;
				GCC_WARN_ABOUT_RETURN_TYPE = YES_ERROR;
				GCC_WARN_UNDECLARED_SELECTOR = YES;
				GCC_WARN_UNINITIALIZED_AUTOS = YES_AGGRESSIVE;
				GCC_WARN_UNUSED_FUNCTION = YES;
				GCC_WARN_UNUSED_VARIABLE = YES;
				IPHONEOS_DEPLOYMENT_TARGET = 13.6;
				MTL_ENABLE_DEBUG_INFO = NO;
				MTL_FAST_MATH = YES;
				SDKROOT = iphoneos;
				SWIFT_COMPILATION_MODE = wholemodule;
				SWIFT_OPTIMIZATION_LEVEL = "-O";
				VALIDATE_PRODUCT = YES;
			};
			name = Release;
		};
		937A6E7824E2A06000D879AB /* Debug */ = {
			isa = XCBuildConfiguration;
			baseConfigurationReference = 70345C815B8DB7D59111E8D2 /* Pods-GitHubTrends.debug.xcconfig */;
			buildSettings = {
				ASSETCATALOG_COMPILER_APPICON_NAME = AppIcon;
				CODE_SIGN_STYLE = Automatic;
				DEVELOPMENT_TEAM = CQTY4N4T2A;
				INFOPLIST_FILE = GitHubTrends/Info.plist;
				LD_RUNPATH_SEARCH_PATHS = (
					"$(inherited)",
					"@executable_path/Frameworks",
				);
				PRODUCT_BUNDLE_IDENTIFIER = com.ananogal.GitHubTrends;
				PRODUCT_NAME = "$(TARGET_NAME)";
				SWIFT_VERSION = 5.0;
				TARGETED_DEVICE_FAMILY = "1,2";
			};
			name = Debug;
		};
		937A6E7924E2A06000D879AB /* Release */ = {
			isa = XCBuildConfiguration;
			baseConfigurationReference = 952AA3777C61B4EB73CCA93D /* Pods-GitHubTrends.release.xcconfig */;
			buildSettings = {
				ASSETCATALOG_COMPILER_APPICON_NAME = AppIcon;
				CODE_SIGN_STYLE = Automatic;
				DEVELOPMENT_TEAM = CQTY4N4T2A;
				INFOPLIST_FILE = GitHubTrends/Info.plist;
				LD_RUNPATH_SEARCH_PATHS = (
					"$(inherited)",
					"@executable_path/Frameworks",
				);
				PRODUCT_BUNDLE_IDENTIFIER = com.ananogal.GitHubTrends;
				PRODUCT_NAME = "$(TARGET_NAME)";
				SWIFT_VERSION = 5.0;
				TARGETED_DEVICE_FAMILY = "1,2";
			};
			name = Release;
		};
		937A6E7B24E2A06000D879AB /* Debug */ = {
			isa = XCBuildConfiguration;
			baseConfigurationReference = 56C005945481D0F1103E8458 /* Pods-GitHubTrendsTests.debug.xcconfig */;
			buildSettings = {
				ALWAYS_EMBED_SWIFT_STANDARD_LIBRARIES = "$(inherited)";
				BUNDLE_LOADER = "$(TEST_HOST)";
				CODE_SIGN_STYLE = Automatic;
				DEVELOPMENT_TEAM = CQTY4N4T2A;
				INFOPLIST_FILE = GitHubTrendsTests/Info.plist;
				IPHONEOS_DEPLOYMENT_TARGET = 13.6;
				LD_RUNPATH_SEARCH_PATHS = (
					"$(inherited)",
					"@executable_path/Frameworks",
					"@loader_path/Frameworks",
				);
				PRODUCT_BUNDLE_IDENTIFIER = com.ananogal.GitHubTrendsTests;
				PRODUCT_NAME = "$(TARGET_NAME)";
				SWIFT_VERSION = 5.0;
				TARGETED_DEVICE_FAMILY = "1,2";
				TEST_HOST = "$(BUILT_PRODUCTS_DIR)/GitHubTrends.app/GitHubTrends";
			};
			name = Debug;
		};
		937A6E7C24E2A06000D879AB /* Release */ = {
			isa = XCBuildConfiguration;
			baseConfigurationReference = 2A05F3755ABDB76EDCD14F40 /* Pods-GitHubTrendsTests.release.xcconfig */;
			buildSettings = {
				ALWAYS_EMBED_SWIFT_STANDARD_LIBRARIES = "$(inherited)";
				BUNDLE_LOADER = "$(TEST_HOST)";
				CODE_SIGN_STYLE = Automatic;
				DEVELOPMENT_TEAM = CQTY4N4T2A;
				INFOPLIST_FILE = GitHubTrendsTests/Info.plist;
				IPHONEOS_DEPLOYMENT_TARGET = 13.6;
				LD_RUNPATH_SEARCH_PATHS = (
					"$(inherited)",
					"@executable_path/Frameworks",
					"@loader_path/Frameworks",
				);
				PRODUCT_BUNDLE_IDENTIFIER = com.ananogal.GitHubTrendsTests;
				PRODUCT_NAME = "$(TARGET_NAME)";
				SWIFT_VERSION = 5.0;
				TARGETED_DEVICE_FAMILY = "1,2";
				TEST_HOST = "$(BUILT_PRODUCTS_DIR)/GitHubTrends.app/GitHubTrends";
			};
			name = Release;
		};
/* End XCBuildConfiguration section */

/* Begin XCConfigurationList section */
		937A6E5324E2A05C00D879AB /* Build configuration list for PBXProject "GitHubTrends" */ = {
			isa = XCConfigurationList;
			buildConfigurations = (
				937A6E7524E2A06000D879AB /* Debug */,
				937A6E7624E2A06000D879AB /* Release */,
			);
			defaultConfigurationIsVisible = 0;
			defaultConfigurationName = Release;
		};
		937A6E7724E2A06000D879AB /* Build configuration list for PBXNativeTarget "GitHubTrends" */ = {
			isa = XCConfigurationList;
			buildConfigurations = (
				937A6E7824E2A06000D879AB /* Debug */,
				937A6E7924E2A06000D879AB /* Release */,
			);
			defaultConfigurationIsVisible = 0;
			defaultConfigurationName = Release;
		};
		937A6E7A24E2A06000D879AB /* Build configuration list for PBXNativeTarget "GitHubTrendsTests" */ = {
			isa = XCConfigurationList;
			buildConfigurations = (
				937A6E7B24E2A06000D879AB /* Debug */,
				937A6E7C24E2A06000D879AB /* Release */,
			);
			defaultConfigurationIsVisible = 0;
			defaultConfigurationName = Release;
		};
/* End XCConfigurationList section */
	};
	rootObject = 937A6E5024E2A05C00D879AB /* Project object */;
}
